{
  "R": {
    "Version": "4.5.3",
    "Repositories": [
      {
        "Name": "CRAN",
        "URL": "https://cloud.r-project.org"
      }
    ]
  },
  "Packages": {
    "R6": {
      "Package": "R6",
      "Version": "2.6.1",
      "Source": "Repository",
      "Title": "Encapsulated Classes with Reference Semantics",
      "Authors@R": "c( person(\"Winston\", \"Chang\", , \"winston@posit.co\", role = c(\"aut\", \"cre\")), person(\"Posit Software, PBC\", role = c(\"cph\", \"fnd\")) )",
      "Description": "Creates classes with reference semantics, similar to R's built-in reference classes. Compared to reference classes, R6 classes are simpler and lighter-weight, and they are not built on S4 classes so they do not require the methods package. These classes allow public and private members, and they support inheritance, even when the classes are defined in different packages.",
      "License": "MIT + file LICENSE",
      "URL": "https://r6.r-lib.org, https://github.com/r-lib/R6",
      "BugReports": "https://github.com/r-lib/R6/issues",
      "Depends": [
        "R (>= 3.6)"
      ],
      "Suggests": [
        "lobstr",
        "testthat (>= 3.0.0)"
      ],
      "Config/Needs/website": "tidyverse/tidytemplate, ggplot2, microbenchmark, scales",
      "Config/testthat/edition": "3",
      "Encoding": "UTF-8",
      "RoxygenNote": "7.3.2",
      "NeedsCompilation": "no",
      "Author": "Winston Chang [aut, cre], Posit Software, PBC [cph, fnd]",
      "Maintainer": "Winston Chang <winston@posit.co>",
      "Repository": "CRAN"
    },
    "Rcpp": {
      "Package": "Rcpp",
      "Version": "1.1.1",
      "Source": "Repository",
      "Title": "Seamless R and C++ Integration",
      "Date": "2026-01-07",
      "Authors@R": "c(person(\"Dirk\", \"Eddelbuettel\", role = c(\"aut\", \"cre\"), email = \"edd@debian.org\", comment = c(ORCID = \"0000-0001-6419-907X\")), person(\"Romain\", \"Francois\", role = \"aut\", comment = c(ORCID = \"0000-0002-2444-4226\")), person(\"JJ\", \"Allaire\", role = \"aut\", comment = c(ORCID = \"0000-0003-0174-9868\")), person(\"Kevin\", \"Ushey\", role = \"aut\", comment = c(ORCID = \"0000-0003-2880-7407\")), person(\"Qiang\", \"Kou\", role = \"aut\", comment = c(ORCID = \"0000-0001-6786-5453\")), person(\"Nathan\", \"Russell\", role = \"aut\"), person(\"Iñaki\", \"Ucar\", role = \"aut\", comment = c(ORCID = \"0000-0001-6403-5550\")), person(\"Doug\", \"Bates\", role = \"aut\", comment = c(ORCID = \"0000-0001-8316-9503\")), person(\"John\", \"Chambers\", role = \"aut\"))",
      "Description": "The 'Rcpp' package provides R functions as well as C++ classes which offer a seamless integration of R and C++. Many R data types and objects can be mapped back and forth to C++ equivalents which facilitates both writing of new code as well as easier integration of third-party libraries. Documentation about 'Rcpp' is provided by several vignettes included in this package, via the 'Rcpp Gallery' site at <https://gallery.rcpp.org>, the paper by Eddelbuettel and Francois (2011, <doi:10.18637/jss.v040.i08>), the book by Eddelbuettel (2013, <doi:10.1007/978-1-4614-6868-4>) and the paper by Eddelbuettel and Balamuta (2018, <doi:10.1080/00031305.2017.1375990>); see 'citation(\"Rcpp\")' for details.",
      "Depends": [
        "R (>= 3.5.0)"
      ],
      "Imports": [
        "methods",
        "utils"
      ],
      "Suggests": [
        "tinytest",
        "inline",
        "rbenchmark",
        "pkgKitten (>= 0.1.2)"
      ],
      "URL": "https://www.rcpp.org, https://dirk.eddelbuettel.com/code/rcpp.html, https://github.com/RcppCore/Rcpp",
      "License": "GPL (>= 2)",
      "BugReports": "https://github.com/RcppCore/Rcpp/issues",
      "MailingList": "rcpp-devel@lists.r-forge.r-project.org",
      "RoxygenNote": "6.1.1",
      "Encoding": "UTF-8",
      "VignetteBuilder": "Rcpp",
      "NeedsCompilation": "yes",
      "Author": "Dirk Eddelbuettel [aut, cre] (ORCID: <https://orcid.org/0000-0001-6419-907X>), Romain Francois [aut] (ORCID: <https://orcid.org/0000-0002-2444-4226>), JJ Allaire [aut] (ORCID: <https://orcid.org/0000-0003-0174-9868>), Kevin Ushey [aut] (ORCID: <https://orcid.org/0000-0003-2880-7407>), Qiang Kou [aut] (ORCID: <https://orcid.org/0000-0001-6786-5453>), Nathan Russell [aut], Iñaki Ucar [aut] (ORCID: <https://orcid.org/0000-0001-6403-5550>), Doug Bates [aut] (ORCID: <https://orcid.org/0000-0001-8316-9503>), John Chambers [aut]",
      "Maintainer": "Dirk Eddelbuettel <edd@debian.org>",
      "Repository": "CRAN"
    },
    "cli": {
      "Package": "cli",
      "Version": "3.6.5",
      "Source": "Repository",
      "Title": "Helpers for Developing Command Line Interfaces",
      "Authors@R": "c( person(\"Gábor\", \"Csárdi\", , \"gabor@posit.co\", role = c(\"aut\", \"cre\")), person(\"Hadley\", \"Wickham\", role = \"ctb\"), person(\"Kirill\", \"Müller\", role = \"ctb\"), person(\"Salim\", \"Brüggemann\", , \"salim-b@pm.me\", role = \"ctb\", comment = c(ORCID = \"0000-0002-5329-5987\")), person(\"Posit Software, PBC\", role = c(\"cph\", \"fnd\")) )",
      "Description": "A suite of tools to build attractive command line interfaces ('CLIs'), from semantic elements: headings, lists, alerts, paragraphs, etc. Supports custom themes via a 'CSS'-like language. It also contains a number of lower level 'CLI' elements: rules, boxes, trees, and 'Unicode' symbols with 'ASCII' alternatives. It support ANSI colors and text styles as well.",
      "License": "MIT + file LICENSE",
      "URL": "https://cli.r-lib.org, https://github.com/r-lib/cli",
      "BugReports": "https://github.com/r-lib/cli/issues",
      "Depends": [
        "R (>= 3.4)"
      ],
      "Imports": [
        "utils"
      ],
      "Suggests": [
        "callr",
        "covr",
        "crayon",
        "digest",
        "glue (>= 1.6.0)",
        "grDevices",
        "htmltools",
        "htmlwidgets",
        "knitr",
        "methods",
        "processx",
        "ps (>= 1.3.4.9000)",
        "rlang (>= 1.0.2.9003)",
        "rmarkdown",
        "rprojroot",
        "rstudioapi",
        "testthat (>= 3.2.0)",
        "tibble",
        "whoami",
        "withr"
      ],
      "Config/Needs/website": "r-lib/asciicast, bench, brio, cpp11, decor, desc, fansi, prettyunits, sessioninfo, tidyverse/tidytemplate, usethis, vctrs",
      "Config/testthat/edition": "3",
      "Encoding": "UTF-8",
      "RoxygenNote": "7.3.2",
      "NeedsCompilation": "yes",
      "Author": "Gábor Csárdi [aut, cre], Hadley Wickham [ctb], Kirill Müller [ctb], Salim Brüggemann [ctb] (<https://orcid.org/0000-0002-5329-5987>), Posit Software, PBC [cph, fnd]",
      "Maintainer": "Gábor Csárdi <gabor@posit.co>",
      "Repository": "CRAN"
    },
    "crayon": {
      "Package": "crayon",
      "Version": "1.5.3",
      "Source": "Repository",
      "Title": "Colored Terminal Output",
      "Authors@R": "c( person(\"Gábor\", \"Csárdi\", , \"csardi.gabor@gmail.com\", role = c(\"aut\", \"cre\")), person(\"Brodie\", \"Gaslam\", , \"brodie.gaslam@yahoo.com\", role = \"ctb\"), person(\"Posit Software, PBC\", role = c(\"cph\", \"fnd\")) )",
      "Description": "The crayon package is now superseded. Please use the 'cli' package for new projects.  Colored terminal output on terminals that support 'ANSI' color and highlight codes. It also works in 'Emacs' 'ESS'. 'ANSI' color support is automatically detected. Colors and highlighting can be combined and nested. New styles can also be created easily.  This package was inspired by the 'chalk' 'JavaScript' project.",
      "License": "MIT + file LICENSE",
      "URL": "https://r-lib.github.io/crayon/, https://github.com/r-lib/crayon",
      "BugReports": "https://github.com/r-lib/crayon/issues",
      "Imports": [
        "grDevices",
        "methods",
        "utils"
      ],
      "Suggests": [
        "mockery",
        "rstudioapi",
        "testthat",
        "withr"
      ],
      "Config/Needs/website": "tidyverse/tidytemplate",
      "Encoding": "UTF-8",
      "RoxygenNote": "7.3.1",
      "Collate": "'aaa-rstudio-detect.R' 'aaaa-rematch2.R' 'aab-num-ansi-colors.R' 'aac-num-ansi-colors.R' 'ansi-256.R' 'ansi-palette.R' 'combine.R' 'string.R' 'utils.R' 'crayon-package.R' 'disposable.R' 'enc-utils.R' 'has_ansi.R' 'has_color.R' 'link.R' 'styles.R' 'machinery.R' 'parts.R' 'print.R' 'style-var.R' 'show.R' 'string_operations.R'",
      "NeedsCompilation": "no",
      "Author": "Gábor Csárdi [aut, cre], Brodie Gaslam [ctb], Posit Software, PBC [cph, fnd]",
      "Maintainer": "Gábor Csárdi <csardi.gabor@gmail.com>",
      "Repository": "CRAN"
    },
    "curl": {
      "Package": "curl",
      "Version": "7.0.0",
      "Source": "Repository",
      "Type": "Package",
      "Title": "A Modern and Flexible Web Client for R",
      "Authors@R": "c( person(\"Jeroen\", \"Ooms\", role = c(\"aut\", \"cre\"), email = \"jeroenooms@gmail.com\", comment = c(ORCID = \"0000-0002-4035-0289\")), person(\"Hadley\", \"Wickham\", role = \"ctb\"), person(\"Posit Software, PBC\", role = \"cph\"))",
      "Description": "Bindings to 'libcurl' <https://curl.se/libcurl/> for performing fully configurable HTTP/FTP requests where responses can be processed in memory, on disk, or streaming via the callback or connection interfaces. Some knowledge of 'libcurl' is recommended; for a more-user-friendly web client see the  'httr2' package which builds on this package with http specific tools and logic.",
      "License": "MIT + file LICENSE",
      "SystemRequirements": "libcurl (>= 7.73): libcurl-devel (rpm) or libcurl4-openssl-dev (deb)",
      "URL": "https://jeroen.r-universe.dev/curl",
      "BugReports": "https://github.com/jeroen/curl/issues",
      "Suggests": [
        "spelling",
        "testthat (>= 1.0.0)",
        "knitr",
        "jsonlite",
        "later",
        "rmarkdown",
        "httpuv (>= 1.4.4)",
        "webutils"
      ],
      "VignetteBuilder": "knitr",
      "Depends": [
        "R (>= 3.0.0)"
      ],
      "RoxygenNote": "7.3.2",
      "Encoding": "UTF-8",
      "Language": "en-US",
      "NeedsCompilation": "yes",
      "Author": "Jeroen Ooms [aut, cre] (ORCID: <https://orcid.org/0000-0002-4035-0289>), Hadley Wickham [ctb], Posit Software, PBC [cph]",
      "Maintainer": "Jeroen Ooms <jeroenooms@gmail.com>",
      "Repository": "CRAN"
    },
    "fastmap": {
      "Package": "fastmap",
      "Version": "1.2.0",
      "Source": "Repository",
      "Title": "Fast Data Structures",
      "Authors@R": "c( person(\"Winston\", \"Chang\", email = \"winston@posit.co\", role = c(\"aut\", \"cre\")), person(given = \"Posit Software, PBC\", role = c(\"cph\", \"fnd\")), person(given = \"Tessil\", role = \"cph\", comment = \"hopscotch_map library\") )",
      "Description": "Fast implementation of data structures, including a key-value store, stack, and queue. Environments are commonly used as key-value stores in R, but every time a new key is used, it is added to R's global symbol table, causing a small amount of memory leakage. This can be problematic in cases where many different keys are used. Fastmap avoids this memory leak issue by implementing the map using data structures in C++.",
      "License": "MIT + file LICENSE",
      "Encoding": "UTF-8",
      "RoxygenNote": "7.2.3",
      "Suggests": [
        "testthat (>= 2.1.1)"
      ],
      "URL": "https://r-lib.github.io/fastmap/, https://github.com/r-lib/fastmap",
      "BugReports": "https://github.com/r-lib/fastmap/issues",
      "NeedsCompilation": "yes",
      "Author": "Winston Chang [aut, cre], Posit Software, PBC [cph, fnd], Tessil [cph] (hopscotch_map library)",
      "Maintainer": "Winston Chang <winston@posit.co>",
      "Repository": "CRAN"
    },
    "httpuv": {
      "Package": "httpuv",
      "Version": "1.6.16",
      "Source": "Repository",
      "Type": "Package",
      "Title": "HTTP and WebSocket Server Library",
      "Authors@R": "c( person(\"Joe\", \"Cheng\", , \"joe@posit.co\", role = \"aut\"), person(\"Winston\", \"Chang\", , \"winston@posit.co\", role = c(\"aut\", \"cre\")), person(\"Posit, PBC\", \"fnd\", role = \"cph\"), person(\"Hector\", \"Corrada Bravo\", role = \"ctb\"), person(\"Jeroen\", \"Ooms\", role = \"ctb\"), person(\"Andrzej\", \"Krzemienski\", role = \"cph\", comment = \"optional.hpp\"), person(\"libuv project contributors\", role = \"cph\", comment = \"libuv library, see src/libuv/AUTHORS file\"), person(\"Joyent, Inc. and other Node contributors\", role = \"cph\", comment = \"libuv library, see src/libuv/AUTHORS file; and http-parser library, see src/http-parser/AUTHORS file\"), person(\"Niels\", \"Provos\", role = \"cph\", comment = \"libuv subcomponent: tree.h\"), person(\"Internet Systems Consortium, Inc.\", role = \"cph\", comment = \"libuv subcomponent: inet_pton and inet_ntop, contained in src/libuv/src/inet.c\"), person(\"Alexander\", \"Chemeris\", role = \"cph\", comment = \"libuv subcomponent: stdint-msvc2008.h (from msinttypes)\"), person(\"Google, Inc.\", role = \"cph\", comment = \"libuv subcomponent: pthread-fixes.c\"), person(\"Sony Mobile Communcations AB\", role = \"cph\", comment = \"libuv subcomponent: pthread-fixes.c\"), person(\"Berkeley Software Design Inc.\", role = \"cph\", comment = \"libuv subcomponent: android-ifaddrs.h, android-ifaddrs.c\"), person(\"Kenneth\", \"MacKay\", role = \"cph\", comment = \"libuv subcomponent: android-ifaddrs.h, android-ifaddrs.c\"), person(\"Emergya (Cloud4all, FP7/2007-2013, grant agreement no 289016)\", role = \"cph\", comment = \"libuv subcomponent: android-ifaddrs.h, android-ifaddrs.c\"), person(\"Steve\", \"Reid\", role = \"aut\", comment = \"SHA-1 implementation\"), person(\"James\", \"Brown\", role = \"aut\", comment = \"SHA-1 implementation\"), person(\"Bob\", \"Trower\", role = \"aut\", comment = \"base64 implementation\"), person(\"Alexander\", \"Peslyak\", role = \"aut\", comment = \"MD5 implementation\"), person(\"Trantor Standard Systems\", role = \"cph\", comment = \"base64 implementation\"), person(\"Igor\", \"Sysoev\", role = \"cph\", comment = \"http-parser\") )",
      "Description": "Provides low-level socket and protocol support for handling HTTP and WebSocket requests directly from within R. It is primarily intended as a building block for other packages, rather than making it particularly easy to create complete web applications using httpuv alone.  httpuv is built on top of the libuv and http-parser C libraries, both of which were developed by Joyent, Inc. (See LICENSE file for libuv and http-parser license information.)",
      "License": "GPL (>= 2) | file LICENSE",
      "URL": "https://github.com/rstudio/httpuv",
      "BugReports": "https://github.com/rstudio/httpuv/issues",
      "Depends": [
        "R (>= 2.15.1)"
      ],
      "Imports": [
        "later (>= 0.8.0)",
        "promises",
        "R6",
        "Rcpp (>= 1.0.7)",
        "utils"
      ],
      "Suggests": [
        "callr",
        "curl",
        "jsonlite",
        "testthat",
        "websocket"
      ],
      "LinkingTo": [
        "later",
        "Rcpp"
      ],
      "Encoding": "UTF-8",
      "RoxygenNote": "7.3.2",
      "SystemRequirements": "GNU make, zlib",
      "Collate": "'RcppExports.R' 'httpuv.R' 'random_port.R' 'server.R' 'staticServer.R' 'static_paths.R' 'utils.R'",
      "NeedsCompilation": "yes",
      "Author": "Joe Cheng [aut], Winston Chang [aut, cre], Posit, PBC fnd [cph], Hector Corrada Bravo [ctb], Jeroen Ooms [ctb], Andrzej Krzemienski [cph] (optional.hpp), libuv project contributors [cph] (libuv library, see src/libuv/AUTHORS file), Joyent, Inc. and other Node contributors [cph] (libuv library, see src/libuv/AUTHORS file; and http-parser library, see src/http-parser/AUTHORS file), Niels Provos [cph] (libuv subcomponent: tree.h), Internet Systems Consortium, Inc. [cph] (libuv subcomponent: inet_pton and inet_ntop, contained in src/libuv/src/inet.c), Alexander Chemeris [cph] (libuv subcomponent: stdint-msvc2008.h (from msinttypes)), Google, Inc. [cph] (libuv subcomponent: pthread-fixes.c), Sony Mobile Communcations AB [cph] (libuv subcomponent: pthread-fixes.c), Berkeley Software Design Inc. [cph] (libuv subcomponent: android-ifaddrs.h, android-ifaddrs.c), Kenneth MacKay [cph] (libuv subcomponent: android-ifaddrs.h, android-ifaddrs.c), Emergya (Cloud4all, FP7/2007-2013, grant agreement no 289016) [cph] (libuv subcomponent: android-ifaddrs.h, android-ifaddrs.c), Steve Reid [aut] (SHA-1 implementation), James Brown [aut] (SHA-1 implementation), Bob Trower [aut] (base64 implementation), Alexander Peslyak [aut] (MD5 implementation), Trantor Standard Systems [cph] (base64 implementation), Igor Sysoev [cph] (http-parser)",
      "Maintainer": "Winston Chang <winston@posit.co>",
      "Repository": "CRAN"
    },
    "jsonlite": {
      "Package": "jsonlite",
      "Version": "2.0.0",
      "Source": "Repository",
      "Title": "A Simple and Robust JSON Parser and Generator for R",
      "License": "MIT + file LICENSE",
      "Depends": [
        "methods"
      ],
      "Authors@R": "c( person(\"Jeroen\", \"Ooms\", role = c(\"aut\", \"cre\"), email = \"jeroenooms@gmail.com\", comment = c(ORCID = \"0000-0002-4035-0289\")), person(\"Duncan\", \"Temple Lang\", role = \"ctb\"), person(\"Lloyd\", \"Hilaiel\", role = \"cph\", comment=\"author of bundled libyajl\"))",
      "URL": "https://jeroen.r-universe.dev/jsonlite https://arxiv.org/abs/1403.2805",
      "BugReports": "https://github.com/jeroen/jsonlite/issues",
      "Maintainer": "Jeroen Ooms <jeroenooms@gmail.com>",
      "VignetteBuilder": "knitr, R.rsp",
      "Description": "A reasonably fast JSON parser and generator, optimized for statistical  data and the web. Offers simple, flexible tools for working with JSON in R, and is particularly powerful for building pipelines and interacting with a web API.  The implementation is based on the mapping described in the vignette (Ooms, 2014). In addition to converting JSON data from/to R objects, 'jsonlite' contains  functions to stream, validate, and prettify JSON data. The unit tests included  with the package verify that all edge cases are encoded and decoded consistently  for use with dynamic data in systems and applications.",
      "Suggests": [
        "httr",
        "vctrs",
        "testthat",
        "knitr",
        "rmarkdown",
        "R.rsp",
        "sf"
      ],
      "RoxygenNote": "7.3.2",
      "Encoding": "UTF-8",
      "NeedsCompilation": "yes",
      "Author": "Jeroen Ooms [aut, cre] (<https://orcid.org/0000-0002-4035-0289>), Duncan Temple Lang [ctb], Lloyd Hilaiel [cph] (author of bundled libyajl)",
      "Repository": "CRAN"
    },
    "later": {
      "Package": "later",
      "Version": "1.4.8",
      "Source": "Repository",
      "Type": "Package",
      "Title": "Utilities for Scheduling Functions to Execute Later with Event Loops",
      "Authors@R": "c( person(\"Winston\", \"Chang\", , \"winston@posit.co\", role = \"aut\", comment = c(ORCID = \"0000-0002-1576-2126\")), person(\"Joe\", \"Cheng\", , \"joe@posit.co\", role = \"aut\"), person(\"Charlie\", \"Gao\", , \"charlie.gao@posit.co\", role = c(\"aut\", \"cre\"), comment = c(ORCID = \"0000-0002-0750-061X\")), person(\"Posit Software, PBC\", role = c(\"cph\", \"fnd\"), comment = c(ROR = \"03wc8by49\")), person(\"Marcus\", \"Geelnard\", role = c(\"ctb\", \"cph\"), comment = \"TinyCThread library, https://tinycthread.github.io/\"), person(\"Evan\", \"Nemerson\", role = c(\"ctb\", \"cph\"), comment = \"TinyCThread library, https://tinycthread.github.io/\") )",
      "Description": "Executes arbitrary R or C functions some time after the current time, after the R execution stack has emptied. The functions are scheduled in an event loop.",
      "License": "MIT + file LICENSE",
      "URL": "https://later.r-lib.org, https://github.com/r-lib/later",
      "BugReports": "https://github.com/r-lib/later/issues",
      "Depends": [
        "R (>= 3.5)"
      ],
      "Imports": [
        "Rcpp (>= 1.0.10)",
        "rlang"
      ],
      "Suggests": [
        "knitr",
        "nanonext",
        "promises",
        "rmarkdown",
        "testthat (>= 3.0.0)"
      ],
      "LinkingTo": [
        "Rcpp"
      ],
      "VignetteBuilder": "knitr",
      "Config/build/compilation-database": "true",
      "Config/Needs/website": "tidyverse/tidytemplate",
      "Config/testthat/edition": "3",
      "Config/usethis/last-upkeep": "2025-07-18",
      "Encoding": "UTF-8",
      "RoxygenNote": "7.3.3",
      "NeedsCompilation": "yes",
      "Author": "Winston Chang [aut] (ORCID: <https://orcid.org/0000-0002-1576-2126>), Joe Cheng [aut], Charlie Gao [aut, cre] (ORCID: <https://orcid.org/0000-0002-0750-061X>), Posit Software, PBC [cph, fnd] (ROR: <https://ror.org/03wc8by49>), Marcus Geelnard [ctb, cph] (TinyCThread library, https://tinycthread.github.io/), Evan Nemerson [ctb, cph] (TinyCThread library, https://tinycthread.github.io/)",
      "Maintainer": "Charlie Gao <charlie.gao@posit.co>",
      "Repository": "CRAN"
    },
    "lifecycle": {
      "Package": "lifecycle",
      "Version": "1.0.5",
      "Source": "Repository",
      "Title": "Manage the Life Cycle of your Package Functions",
      "Authors@R": "c( person(\"Lionel\", \"Henry\", , \"lionel@posit.co\", role = c(\"aut\", \"cre\")), person(\"Hadley\", \"Wickham\", , \"hadley@posit.co\", role = \"aut\", comment = c(ORCID = \"0000-0003-4757-117X\")), person(\"Posit Software, PBC\", role = c(\"cph\", \"fnd\")) )",
      "Description": "Manage the life cycle of your exported functions with shared conventions, documentation badges, and user-friendly deprecation warnings.",
      "License": "MIT + file LICENSE",
      "URL": "https://lifecycle.r-lib.org/, https://github.com/r-lib/lifecycle",
      "BugReports": "https://github.com/r-lib/lifecycle/issues",
      "Depends": [
        "R (>= 3.6)"
      ],
      "Imports": [
        "cli (>= 3.4.0)",
        "rlang (>= 1.1.0)"
      ],
      "Suggests": [
        "covr",
        "knitr",
        "lintr (>= 3.1.0)",
        "rmarkdown",
        "testthat (>= 3.0.1)",
        "tibble",
        "tidyverse",
        "tools",
        "vctrs",
        "withr",
        "xml2"
      ],
      "VignetteBuilder": "knitr",
      "Config/Needs/website": "tidyverse/tidytemplate, usethis",
      "Config/testthat/edition": "3",
      "Encoding": "UTF-8",
      "RoxygenNote": "7.3.3",
      "NeedsCompilation": "no",
      "Author": "Lionel Henry [aut, cre], Hadley Wickham [aut] (ORCID: <https://orcid.org/0000-0003-4757-117X>), Posit Software, PBC [cph, fnd]",
      "Maintainer": "Lionel Henry <lionel@posit.co>",
      "Repository": "CRAN"
    },
    "magrittr": {
      "Package": "magrittr",
      "Version": "2.0.4",
      "Source": "Repository",
      "Type": "Package",
      "Title": "A Forward-Pipe Operator for R",
      "Authors@R": "c( person(\"Stefan Milton\", \"Bache\", , \"stefan@stefanbache.dk\", role = c(\"aut\", \"cph\"), comment = \"Original author and creator of magrittr\"), person(\"Hadley\", \"Wickham\", , \"hadley@posit.co\", role = \"aut\"), person(\"Lionel\", \"Henry\", , \"lionel@posit.co\", role = \"cre\"), person(\"Posit Software, PBC\", role = c(\"cph\", \"fnd\"), comment = c(ROR = \"03wc8by49\")) )",
      "Description": "Provides a mechanism for chaining commands with a new forward-pipe operator, %>%. This operator will forward a value, or the result of an expression, into the next function call/expression. There is flexible support for the type of right-hand side expressions. For more information, see package vignette.  To quote Rene Magritte, \"Ceci n'est pas un pipe.\"",
      "License": "MIT + file LICENSE",
      "URL": "https://magrittr.tidyverse.org, https://github.com/tidyverse/magrittr",
      "BugReports": "https://github.com/tidyverse/magrittr/issues",
      "Depends": [
        "R (>= 3.4.0)"
      ],
      "Suggests": [
        "covr",
        "knitr",
        "rlang",
        "rmarkdown",
        "testthat"
      ],
      "VignetteBuilder": "knitr",
      "ByteCompile": "Yes",
      "Config/Needs/website": "tidyverse/tidytemplate",
      "Encoding": "UTF-8",
      "RoxygenNote": "7.3.3",
      "NeedsCompilation": "yes",
      "Author": "Stefan Milton Bache [aut, cph] (Original author and creator of magrittr), Hadley Wickham [aut], Lionel Henry [cre], Posit Software, PBC [cph, fnd] (ROR: <https://ror.org/03wc8by49>)",
      "Maintainer": "Lionel Henry <lionel@posit.co>",
      "Repository": "CRAN"
    },
    "mime": {
      "Package": "mime",
      "Version": "0.13",
      "Source": "Repository",
      "Type": "Package",
      "Title": "Map Filenames to MIME Types",
      "Authors@R": "c( person(\"Yihui\", \"Xie\", role = c(\"aut\", \"cre\"), email = \"xie@yihui.name\", comment = c(ORCID = \"0000-0003-0645-5666\", URL = \"https://yihui.org\")), person(\"Jeffrey\", \"Horner\", role = \"ctb\"), person(\"Beilei\", \"Bian\", role = \"ctb\") )",
      "Description": "Guesses the MIME type from a filename extension using the data derived from /etc/mime.types in UNIX-type systems.",
      "Imports": [
        "tools"
      ],
      "License": "GPL",
      "URL": "https://github.com/yihui/mime",
      "BugReports": "https://github.com/yihui/mime/issues",
      "RoxygenNote": "7.3.2",
      "Encoding": "UTF-8",
      "NeedsCompilation": "yes",
      "Author": "Yihui Xie [aut, cre] (<https://orcid.org/0000-0003-0645-5666>, https://yihui.org), Jeffrey Horner [ctb], Beilei Bian [ctb]",
      "Maintainer": "Yihui Xie <xie@yihui.name>",
      "Repository": "CRAN"
    },
    "otel": {
      "Package": "otel",
      "Version": "0.2.0",
      "Source": "Repository",
      "Title": "OpenTelemetry R API",
      "Authors@R": "person(\"Gábor\", \"Csárdi\", , \"csardi.gabor@gmail.com\", role = c(\"aut\", \"cre\"))",
      "Description": "High-quality, ubiquitous, and portable telemetry to enable effective observability. OpenTelemetry is a collection of tools, APIs, and SDKs used to instrument, generate, collect, and export telemetry data (metrics, logs, and traces) for analysis in order to understand your software's performance and behavior. This package implements the OpenTelemetry API: <https://opentelemetry.io/docs/specs/otel/>. Use this package as a dependency if you want to instrument your R package for OpenTelemetry.",
      "License": "MIT + file LICENSE",
      "Encoding": "UTF-8",
      "RoxygenNote": "7.3.2.9000",
      "Depends": [
        "R (>= 3.6.0)"
      ],
      "Suggests": [
        "callr",
        "cli",
        "glue",
        "jsonlite",
        "otelsdk",
        "processx",
        "shiny",
        "spelling",
        "testthat (>= 3.0.0)",
        "utils",
        "withr"
      ],
      "Config/Needs/website": "tidyverse/tidytemplate",
      "Config/testthat/edition": "3",
      "URL": "https://otel.r-lib.org, https://github.com/r-lib/otel",
      "Additional_repositories": "https://github.com/r-lib/otelsdk/releases/download/devel",
      "BugReports": "https://github.com/r-lib/otel/issues",
      "NeedsCompilation": "no",
      "Author": "Gábor Csárdi [aut, cre]",
      "Maintainer": "Gábor Csárdi <csardi.gabor@gmail.com>",
      "Repository": "CRAN"
    },
    "plumber": {
      "Package": "plumber",
      "Version": "1.3.3",
      "Source": "Repository",
      "Type": "Package",
      "Title": "An API Generator for R",
      "Authors@R": "c( person(\"Barret\", \"Schloerke\", , \"barret@posit.co\", role = c(\"cre\", \"aut\"), comment = c(ORCID = \"0000-0001-9986-114X\")), person(\"Jeff\", \"Allen\", , \"cran@trestletech.com\", role = c(\"aut\", \"ccp\")), person(\"Bruno\", \"Tremblay\", , \"cran@neoxone.com\", role = \"ctb\"), person(\"Frans\", \"van Dunné\", , \"frans@ixpantia.com\", role = \"ctb\"), person(\"Sebastiaan\", \"Vandewoude\", , \"sebastiaanvandewoude@gmail.com\", role = \"ctb\"), person(\"Posit Software, PBC\", role = c(\"cph\", \"fnd\"), comment = c(ROR = \"03wc8by49\")) )",
      "Description": "Gives the ability to automatically generate and serve an HTTP API from R functions using the annotations in the R documentation around your functions.",
      "License": "MIT + file LICENSE",
      "URL": "https://www.rplumber.io, https://github.com/rstudio/plumber",
      "BugReports": "https://github.com/rstudio/plumber/issues",
      "Depends": [
        "R (>= 3.0.0)"
      ],
      "Imports": [
        "crayon",
        "httpuv (>= 1.5.5)",
        "jsonlite (>= 0.9.16)",
        "lifecycle (>= 1.0.0)",
        "magrittr",
        "mime",
        "promises (>= 1.1.0)",
        "R6 (>= 2.0.0)",
        "rlang (>= 1.0.0)",
        "sodium",
        "stringi (>= 0.3.0)",
        "swagger (>= 3.33.0)",
        "webutils (>= 1.1)"
      ],
      "Suggests": [
        "arrow",
        "base64enc",
        "coro",
        "future",
        "geojsonsf",
        "htmlwidgets",
        "later",
        "ragg",
        "rapidoc",
        "readr",
        "readxl",
        "redoc",
        "rmarkdown",
        "rstudioapi",
        "sf",
        "spelling",
        "svglite",
        "testthat (>= 0.11.0)",
        "utils",
        "visNetwork",
        "withr",
        "writexl",
        "yaml"
      ],
      "ByteCompile": "TRUE",
      "Config/Needs/check": "Cairo, r-quantities/units",
      "Config/Needs/website": "tidyverse/tidytemplate",
      "Encoding": "UTF-8",
      "Language": "en-US",
      "RoxygenNote": "7.3.3",
      "Collate": "'async.R' 'content-types.R' 'default-handlers.R' 'hookable.R' 'shared-secret-filter.R' 'parser-cookie.R' 'parse-body.R' 'parse-query.R' 'plumber.R' 'deprecated-R6.R' 'deprecated.R' 'digital-ocean.R' 'find-port.R' 'globals.R' 'includes.R' 'json.R' 'new-rstudio-project.R' 'openapi-spec.R' 'openapi-types.R' 'options_plumber.R' 'paths.R' 'plumb-block.R' 'plumb-globals.R' 'plumb.R' 'plumber-response.R' 'plumber-static.R' 'plumber-step.R' 'pr.R' 'pr_set.R' 'serializer.R' 'session-cookie.R' 'ui.R' 'utf8.R' 'utils-pipe.R' 'utils.R' 'validate_api_spec.R' 'zzz.R'",
      "NeedsCompilation": "no",
      "Author": "Barret Schloerke [cre, aut] (ORCID: <https://orcid.org/0000-0001-9986-114X>), Jeff Allen [aut, ccp], Bruno Tremblay [ctb], Frans van Dunné [ctb], Sebastiaan Vandewoude [ctb], Posit Software, PBC [cph, fnd] (ROR: <https://ror.org/03wc8by49>)",
      "Maintainer": "Barret Schloerke <barret@posit.co>",
      "Repository": "CRAN"
    },
    "promises": {
      "Package": "promises",
      "Version": "1.5.0",
      "Source": "Repository",
      "Type": "Package",
      "Title": "Abstractions for Promise-Based Asynchronous Programming",
      "Authors@R": "c( person(\"Joe\", \"Cheng\", , \"joe@posit.co\", role = \"aut\"), person(\"Barret\", \"Schloerke\", , \"barret@posit.co\", role = c(\"aut\", \"cre\"), comment = c(ORCID = \"0000-0001-9986-114X\")), person(\"Winston\", \"Chang\", , \"winston@posit.co\", role = \"aut\", comment = c(ORCID = \"0000-0002-1576-2126\")), person(\"Charlie\", \"Gao\", , \"charlie.gao@posit.co\", role = \"aut\", comment = c(ORCID = \"0000-0002-0750-061X\")), person(\"Posit Software, PBC\", role = c(\"cph\", \"fnd\"), comment = c(ROR = \"03wc8by49\")) )",
      "Description": "Provides fundamental abstractions for doing asynchronous programming in R using promises. Asynchronous programming is useful for allowing a single R process to orchestrate multiple tasks in the background while also attending to something else. Semantics are similar to 'JavaScript' promises, but with a syntax that is idiomatic R.",
      "License": "MIT + file LICENSE",
      "URL": "https://rstudio.github.io/promises/, https://github.com/rstudio/promises",
      "BugReports": "https://github.com/rstudio/promises/issues",
      "Depends": [
        "R (>= 4.1.0)"
      ],
      "Imports": [
        "fastmap (>= 1.1.0)",
        "later",
        "lifecycle",
        "magrittr (>= 1.5)",
        "otel (>= 0.2.0)",
        "R6",
        "rlang"
      ],
      "Suggests": [
        "future (>= 1.21.0)",
        "knitr",
        "mirai",
        "otelsdk (>= 0.2.0)",
        "purrr",
        "Rcpp",
        "rmarkdown",
        "spelling",
        "testthat (>= 3.0.0)",
        "vembedr"
      ],
      "VignetteBuilder": "knitr",
      "Config/Needs/website": "rsconnect, tidyverse/tidytemplate",
      "Config/testthat/edition": "3",
      "Config/usethis/last-upkeep": "2025-05-27",
      "Encoding": "UTF-8",
      "Language": "en-US",
      "RoxygenNote": "7.3.3",
      "NeedsCompilation": "no",
      "Author": "Joe Cheng [aut], Barret Schloerke [aut, cre] (ORCID: <https://orcid.org/0000-0001-9986-114X>), Winston Chang [aut] (ORCID: <https://orcid.org/0000-0002-1576-2126>), Charlie Gao [aut] (ORCID: <https://orcid.org/0000-0002-0750-061X>), Posit Software, PBC [cph, fnd] (ROR: <https://ror.org/03wc8by49>)",
      "Maintainer": "Barret Schloerke <barret@posit.co>",
      "Repository": "CRAN"
    },
    "renv": {
      "Package": "renv",
      "Version": "1.1.8",
      "Source": "Repository",
      "Type": "Package",
      "Title": "Project Environments",
      "Authors@R": "c( person(\"Kevin\", \"Ushey\", role = c(\"aut\", \"cre\"), email = \"kevin@rstudio.com\", comment = c(ORCID = \"0000-0003-2880-7407\")), person(\"Hadley\", \"Wickham\", role = c(\"aut\"), email = \"hadley@rstudio.com\", comment = c(ORCID = \"0000-0003-4757-117X\")), person(\"Posit Software, PBC\", role = c(\"cph\", \"fnd\")) )",
      "Description": "A dependency management toolkit for R. Using 'renv', you can create and manage project-local R libraries, save the state of these libraries to a 'lockfile', and later restore your library as required. Together, these tools can help make your projects more isolated, portable, and reproducible.",
      "License": "MIT + file LICENSE",
      "URL": "https://rstudio.github.io/renv/, https://github.com/rstudio/renv",
      "BugReports": "https://github.com/rstudio/renv/issues",
      "Imports": [
        "utils"
      ],
      "Suggests": [
        "BiocManager",
        "cli",
        "compiler",
        "covr",
        "cpp11",
        "curl",
        "devtools",
        "generics",
        "gitcreds",
        "jsonlite",
        "jsonvalidate",
        "knitr",
        "miniUI",
        "modules",
        "packrat",
        "pak",
        "R6",
        "remotes",
        "reticulate",
        "rmarkdown",
        "rstudioapi",
        "shiny",
        "testthat",
        "uuid",
        "waldo",
        "yaml",
        "webfakes"
      ],
      "Encoding": "UTF-8",
      "RoxygenNote": "7.3.3",
      "VignetteBuilder": "knitr",
      "NeedsCompilation": "yes",
      "Config/Needs/website": "tidyverse/tidytemplate",
      "Config/testthat/edition": "3",
      "Config/testthat/parallel": "true",
      "Config/testthat/start-first": "bioconductor,python,install,restore,snapshot,retrieve,remotes",
      "Author": "Kevin Ushey [aut, cre] (ORCID: <https://orcid.org/0000-0003-2880-7407>), Hadley Wickham [aut] (ORCID: <https://orcid.org/0000-0003-4757-117X>), Posit Software, PBC [cph, fnd]",
      "Maintainer": "Kevin Ushey <kevin@rstudio.com>",
      "Repository": "CRAN"
    },
    "rlang": {
      "Package": "rlang",
      "Version": "1.1.7",
      "Source": "Repository",
      "Title": "Functions for Base Types and Core R and 'Tidyverse' Features",
      "Description": "A toolbox for working with base types, core R features like the condition system, and core 'Tidyverse' features like tidy evaluation.",
      "Authors@R": "c( person(\"Lionel\", \"Henry\", ,\"lionel@posit.co\", c(\"aut\", \"cre\")), person(\"Hadley\", \"Wickham\", ,\"hadley@posit.co\", \"aut\"), person(given = \"mikefc\", email = \"mikefc@coolbutuseless.com\", role = \"cph\", comment = \"Hash implementation based on Mike's xxhashlite\"), person(given = \"Yann\", family = \"Collet\", role = \"cph\", comment = \"Author of the embedded xxHash library\"), person(given = \"Posit, PBC\", role = c(\"cph\", \"fnd\")) )",
      "License": "MIT + file LICENSE",
      "ByteCompile": "true",
      "Biarch": "true",
      "Depends": [
        "R (>= 4.0.0)"
      ],
      "Imports": [
        "utils"
      ],
      "Suggests": [
        "cli (>= 3.1.0)",
        "covr",
        "crayon",
        "desc",
        "fs",
        "glue",
        "knitr",
        "magrittr",
        "methods",
        "pillar",
        "pkgload",
        "rmarkdown",
        "stats",
        "testthat (>= 3.2.0)",
        "tibble",
        "usethis",
        "vctrs (>= 0.2.3)",
        "withr"
      ],
      "Enhances": [
        "winch"
      ],
      "Encoding": "UTF-8",
      "RoxygenNote": "7.3.3",
      "URL": "https://rlang.r-lib.org, https://github.com/r-lib/rlang",
      "BugReports": "https://github.com/r-lib/rlang/issues",
      "Config/build/compilation-database": "true",
      "Config/testthat/edition": "3",
      "Config/Needs/website": "dplyr, tidyverse/tidytemplate",
      "NeedsCompilation": "yes",
      "Author": "Lionel Henry [aut, cre], Hadley Wickham [aut], mikefc [cph] (Hash implementation based on Mike's xxhashlite), Yann Collet [cph] (Author of the embedded xxHash library), Posit, PBC [cph, fnd]",
      "Maintainer": "Lionel Henry <lionel@posit.co>",
      "Repository": "CRAN"
    },
    "sodium": {
      "Package": "sodium",
      "Version": "1.4.0",
      "Source": "Repository",
      "Type": "Package",
      "Title": "A Modern and Easy-to-Use Crypto Library",
      "Authors@R": "person(\"Jeroen\", \"Ooms\", role = c(\"aut\", \"cre\"), email = \"jeroenooms@gmail.com\", comment = c(ORCID = \"0000-0002-4035-0289\"))",
      "Description": "Bindings to 'libsodium' <https://doc.libsodium.org/>: a modern,  easy-to-use software library for encryption, decryption, signatures, password hashing and more. Sodium uses curve25519, a state-of-the-art Diffie-Hellman  function by Daniel Bernstein, which has become very popular after it was  discovered that the NSA had backdoored Dual EC DRBG.",
      "License": "MIT + file LICENSE",
      "URL": "https://docs.ropensci.org/sodium/ https://github.com/r-lib/sodium",
      "BugReports": "https://github.com/r-lib/sodium/issues",
      "SystemRequirements": "libsodium (>= 1.0.3)",
      "VignetteBuilder": "knitr",
      "Suggests": [
        "knitr",
        "rmarkdown"
      ],
      "RoxygenNote": "7.2.3",
      "NeedsCompilation": "yes",
      "Author": "Jeroen Ooms [aut, cre] (<https://orcid.org/0000-0002-4035-0289>)",
      "Maintainer": "Jeroen Ooms <jeroenooms@gmail.com>",
      "Repository": "CRAN"
    },
    "stringi": {
      "Package": "stringi",
      "Version": "1.8.7",
      "Source": "Repository",
      "Date": "2025-03-27",
      "Title": "Fast and Portable Character String Processing Facilities",
      "Description": "A collection of character string/text/natural language processing tools for pattern searching (e.g., with 'Java'-like regular expressions or the 'Unicode' collation algorithm), random string generation, case mapping, string transliteration, concatenation, sorting, padding, wrapping, Unicode normalisation, date-time formatting and parsing, and many more. They are fast, consistent, convenient, and - thanks to 'ICU' (International Components for Unicode) - portable across all locales and platforms. Documentation about 'stringi' is provided via its website at <https://stringi.gagolewski.com/> and the paper by Gagolewski (2022, <doi:10.18637/jss.v103.i02>).",
      "URL": "https://stringi.gagolewski.com/, https://github.com/gagolews/stringi, https://icu.unicode.org/",
      "BugReports": "https://github.com/gagolews/stringi/issues",
      "SystemRequirements": "ICU4C (>= 61, optional)",
      "Type": "Package",
      "Depends": [
        "R (>= 3.4)"
      ],
      "Imports": [
        "tools",
        "utils",
        "stats"
      ],
      "Biarch": "TRUE",
      "License": "file LICENSE",
      "Authors@R": "c(person(given = \"Marek\", family = \"Gagolewski\", role = c(\"aut\", \"cre\", \"cph\"), email = \"marek@gagolewski.com\", comment = c(ORCID = \"0000-0003-0637-6028\")), person(given = \"Bartek\", family = \"Tartanus\", role = \"ctb\"), person(\"Unicode, Inc. and others\", role=\"ctb\", comment = \"ICU4C source code, Unicode Character Database\") )",
      "RoxygenNote": "7.3.2",
      "Encoding": "UTF-8",
      "NeedsCompilation": "yes",
      "Author": "Marek Gagolewski [aut, cre, cph] (<https://orcid.org/0000-0003-0637-6028>), Bartek Tartanus [ctb], Unicode, Inc. and others [ctb] (ICU4C source code, Unicode Character Database)",
      "Maintainer": "Marek Gagolewski <marek@gagolewski.com>",
      "License_is_FOSS": "yes",
      "Repository": "CRAN"
    },
    "swagger": {
      "Package": "swagger",
      "Version": "5.17.14.1",
      "Source": "Repository",
      "Type": "Package",
      "Title": "Dynamically Generates Documentation from a 'Swagger' Compliant API",
      "Authors@R": "c( person(\"Barret\", \"Schloerke\", role = \"aut\", email = \"barret@rstudio.com\", comment = c(ORCID = \"0000-0001-9986-114X\")), person(\"Javier\", \"Luraschi\", role = \"aut\", email = \"javier@rstudio.com\"), person(\"Bruno\", \"Tremblay\", role = c(\"cre\", \"ctb\"), email = \"cran@neoxone.com\"), person(family = \"RStudio\", role = \"cph\"), person(family = \"SmartBear Software\", role = c(\"aut\", \"cph\")) )",
      "Suggests": [
        "jsonlite",
        "plumber",
        "testthat"
      ],
      "Description": "A collection of 'HTML', 'JavaScript', and 'CSS' assets that dynamically generate beautiful documentation from a 'Swagger' compliant API: <https://swagger.io/specification/>.",
      "License": "Apache License 2.0 | file LICENSE",
      "Encoding": "UTF-8",
      "URL": "https://rstudio.github.io/swagger/, https://github.com/rstudio/swagger",
      "BugReports": "https://github.com/rstudio/swagger/issues",
      "RoxygenNote": "7.3.1",
      "NeedsCompilation": "no",
      "Author": "Barret Schloerke [aut] (<https://orcid.org/0000-0001-9986-114X>), Javier Luraschi [aut], Bruno Tremblay [cre, ctb], RStudio [cph], SmartBear Software [aut, cph]",
      "Maintainer": "Bruno Tremblay <cran@neoxone.com>",
      "Repository": "CRAN"
    },
    "webutils": {
      "Package": "webutils",
      "Version": "1.2.2",
      "Source": "Repository",
      "Type": "Package",
      "Title": "Utility Functions for Developing Web Applications",
      "Authors@R": "person(\"Jeroen\", \"Ooms\", role = c(\"aut\", \"cre\"), email = \"jeroenooms@gmail.com\", comment = c(ORCID = \"0000-0002-4035-0289\"))",
      "Description": "Parses http request data in application/json, multipart/form-data,  or application/x-www-form-urlencoded format. Includes example of hosting and parsing html form data in R using either 'httpuv' or 'Rhttpd'.",
      "License": "MIT + file LICENSE",
      "URL": "https://jeroen.r-universe.dev/webutils",
      "BugReports": "https://github.com/jeroen/webutils/issues",
      "Imports": [
        "curl (>= 2.5)",
        "jsonlite"
      ],
      "Suggests": [
        "httpuv",
        "testthat"
      ],
      "RoxygenNote": "7.3.2.9000",
      "Language": "en-US",
      "Encoding": "UTF-8",
      "NeedsCompilation": "yes",
      "Author": "Jeroen Ooms [aut, cre] (<https://orcid.org/0000-0002-4035-0289>)",
      "Maintainer": "Jeroen Ooms <jeroenooms@gmail.com>",
      "Repository": "CRAN"
    }
  }
}
